{
  "name": "mobile",
  "version": "0.0.1",
  "lockfileVersion": 1,
  "requires": true,
  "dependencies": {
    "@react-navigation/core": {
      "version": "5.13.1",
      "resolved": "https://registry.npmjs.org/@react-navigation/core/-/core-5.13.1.tgz",
      "integrity": "sha512-BkOqQyevlbcDFthZXGZ3AtIYGCwZHlY625PpXqH80Drh7WrnwZ2ExgGo8ULQGk2nyg4imr3T6lYR8dRkln+P2A==",
      "requires": {
        "@react-navigation/routers": "^5.5.1",
        "escape-string-regexp": "^4.0.0",
        "nanoid": "^3.1.15",
        "query-string": "^6.13.6",
        "react-is": "^16.13.0",
        "use-subscription": "^1.5.0"
      }
    },
    "@react-navigation/native": {
      "version": "5.8.1",
      "resolved": "https://registry.npmjs.org/@react-navigation/native/-/native-5.8.1.tgz",
      "integrity": "sha512-M0o1+Tcu5olWrlHQlex0IFieslOjSPF9PELD5O3CSEabuhFTuFV621BRq1BNqjf5ymV4rPw6zfWA3cJJuj4Vkg==",
      "requires": {
        "@react-navigation/core": "^5.13.1",
        "escape-string-regexp": "^4.0.0",
        "nanoid": "^3.1.15"
      }
    },
    "@react-navigation/routers": {
      "version": "5.5.1",
      "resolved": "https://registry.npmjs.org/@react-navigation/routers/-/routers-5.5.1.tgz",
      "integrity": "sha512-Unn2T5+xnolyGzEhiuFnHEGfgvh7+1OJ5KzBY7T65e4gHWT7E1CO8unRbDxRI0KYkXflmRPCfuDjobVTj5xepw==",
      "requires": {
        "nanoid": "^3.1.15"
      }
    },
    "decode-uri-component": {
      "version": "0.2.0",
      "resolved": "https://registry.npmjs.org/decode-uri-component/-/decode-uri-component-0.2.0.tgz",
      "integrity": "sha1-6zkTMzRYd1y4TNGh+uBiEGu4dUU="
    },
    "escape-string-regexp": {
      "version": "4.0.0",
      "resolved": "https://registry.npmjs.org/escape-string-regexp/-/escape-string-regexp-4.0.0.tgz",
      "integrity": "sha512-TtpcNJ3XAzx3Gq8sWRzJaVajRs0uVxA2YAkdb1jm2YkPz4G6egUFAyA3n5vtEIZefPk5Wa4UXbKuS5fKkJWdgA=="
    },
    "nanoid": {
      "version": "3.1.16",
      "resolved": "https://registry.npmjs.org/nanoid/-/nanoid-3.1.16.tgz",
      "integrity": "sha512-+AK8MN0WHji40lj8AEuwLOvLSbWYApQpre/aFJZD71r43wVRLrOYS4FmJOPQYon1TqB462RzrrxlfA74XRES8w=="
    },
    "object-assign": {
      "version": "4.1.1",
      "resolved": "https://registry.npmjs.org/object-assign/-/object-assign-4.1.1.tgz",
      "integrity": "sha1-IQmtx5ZYh8/AXLvUQsrIv7s2CGM="
    },
    "query-string": {
      "version": "6.13.6",
      "resolved": "https://registry.npmjs.org/query-string/-/query-string-6.13.6.tgz",
      "integrity": "sha512-/WWZ7d9na6s2wMEGdVCVgKWE9Rt7nYyNIf7k8xmHXcesPMlEzicWo3lbYwHyA4wBktI2KrXxxZeACLbE84hvSQ==",
      "requires": {
        "decode-uri-component": "^0.2.0",
        "split-on-first": "^1.0.0",
        "strict-uri-encode": "^2.0.0"
      }
    },
    "react-is": {
      "version": "16.13.1",
      "resolved": "https://registry.npmjs.org/react-is/-/react-is-16.13.1.tgz",
      "integrity": "sha512-24e6ynE2H+OKt4kqsOvNd8kBpV65zoxbA4BVsEOB3ARVWQki/DHzaUoC5KuON/BiccDaCCTZBuOcfZs70kR8bQ=="
    },
    "split-on-first": {
      "version": "1.1.0",
      "resolved": "https://registry.npmjs.org/split-on-first/-/split-on-first-1.1.0.tgz",
      "integrity": "sha512-43ZssAJaMusuKWL8sKUBQXHWOpq8d6CfN/u1p4gUzfJkM05C8rxTmYrkIPTXapZpORA6LkkzcUulJ8FqA7Uudw=="
    },
    "strict-uri-encode": {
      "version": "2.0.0",
      "resolved": "https://registry.npmjs.org/strict-uri-encode/-/strict-uri-encode-2.0.0.tgz",
      "integrity": "sha1-ucczDHBChi9rFC3CdLvMWGbONUY="
    },
    "use-subscription": {
      "version": "1.5.0",
      "resolved": "https://registry.npmjs.org/use-subscription/-/use-subscription-1.5.0.tgz",
      "integrity": "sha512-/FVRiB2I7NDjzWoNBYPt6YkkvleMm/lFtxj1hH6nX2TVrJ/5UTbovw9OE1efv2Zl0HoAYuTjM7zHd9OsABn5sg==",
      "requires": {
        "object-assign": "^4.1.1"
      }
    }
  }
}
